lockfileVersion: 5.4

specifiers:
  deno-bin: ^1.31.3

devDependencies:
  deno-bin: 1.31.3

packages:

  /adm-zip/0.5.10:
    resolution: {integrity: sha512-x0HvcHqVJNTPk/Bw8JbLWlWoo6Wwnsug0fnYYro1HBrjxZ3G7/AZk7Ahv8JwDe1uIcz8eBqvu86FuF1POiG7vQ==}
    engines: {node: '>=6.0'}
    dev: true

  /deno-bin/1.31.3:
    resolution: {integrity: sha512-7ryjnwkIgNezOYS9OW3bTBe7E/21wepcEZbieven/k66m9NPKIsvPH+lT6VtiRioZBSGuq5/NCAQB/JsBUecbg==}
    hasBin: true
    requiresBuild: true
    dependencies:
      adm-zip: 0.5.10
      follow-redirects: 1.15.2
    transitivePeerDependencies:
      - debug
    dev: true

  /follow-redirects/1.15.2:
    resolution: {integrity: sha512-VQLG33o04KaQ8uYi2tVNbdrWp1QWxNNea+nmIB4EVM28v0hmP17z7aG1+wAkNzVq4KeXTq3221ye5qTJP91JwA==}
    engines: {node: '>=4.0'}
    peerDependencies:
      debug: '*'
    peerDependenciesMeta:
      debug:
        optional: true
    dev: true
